
Microsoft Visual Studio Solution File, Format Version 12.00
# Visual Studio Version 16
VisualStudioVersion = 16.0.29418.71
MinimumVisualStudioVersion = 10.0.40219.1
Project("{FAE04EC0-301F-11D3-BF4B-00C04F79EFBC}") = "room_reserve", "room_reserve.csproj", "{BF77653B-FB22-45BE-BBE1-044404D6BBA8}"
EndProject
Global
	GlobalSection(SolutionConfigurationPlatforms) = preSolution
		Debug|Any CPU = Debug|Any CPU
		Release|Any CPU = Release|Any CPU
	EndGlobalSection
	GlobalSection(ProjectConfigurationPlatforms) = postSolution
		{BF77653B-FB22-45BE-BBE1-044404D6BBA8}.Debug|Any CPU.ActiveCfg = Debug|Any CPU
		{BF77653B-FB22-45BE-BBE1-044404D6BBA8}.Debug|Any CPU.Build.0 = Debug|Any CPU
		{BF77653B-FB22-45BE-BBE1-044404D6BBA8}.Release|Any CPU.ActiveCfg = Release|Any CPU
		{BF77653B-FB22-45BE-BBE1-044404D6BBA8}.Release|Any CPU.Build.0 = Release|Any CPU
	EndGlobalSection
	GlobalSection(SolutionProperties) = preSolution
		HideSolutionNode = FALSE
	EndGlobalSection
	GlobalSection(ExtensibilityGlobals) = postSolution
		SolutionGuid = {57CFF2E4-8439-46B4-8B9E-7D765A19F3FE}
	EndGlobalSection
EndGlobal
